// !$*UTF8*$!
{
	archiveVersion = 1;
	classes = {
	};
	objectVersion = 55;
	objects = {

/* Begin PBXBuildFile section */
		9B59C2D1280852530016F2F8 /* SwiftUIAnimationsApp.swift in Sources */ = {isa = PBXBuildFile; fileRef = 9B59C2C1280852520016F2F8 /* SwiftUIAnimationsApp.swift */; };
		9B59C2D2280852530016F2F8 /* SwiftUIAnimationsApp.swift in Sources */ = {isa = PBXBuildFile; fileRef = 9B59C2C1280852520016F2F8 /* SwiftUIAnimationsApp.swift */; };
		9B59C2D3280852530016F2F8 /* ContentView.swift in Sources */ = {isa = PBXBuildFile; fileRef = 9B59C2C2280852520016F2F8 /* ContentView.swift */; };
		9B59C2D4280852530016F2F8 /* ContentView.swift in Sources */ = {isa = PBXBuildFile; fileRef = 9B59C2C2280852520016F2F8 /* ContentView.swift */; };
		9B59C2D5280852530016F2F8 /* Assets.xcassets in Resources */ = {isa = PBXBuildFile; fileRef = 9B59C2C3280852530016F2F8 /* Assets.xcassets */; };
		9B59C2D6280852530016F2F8 /* Assets.xcassets in Resources */ = {isa = PBXBuildFile; fileRef = 9B59C2C3280852530016F2F8 /* Assets.xcassets */; };
		9BA95BE42825021E00A43D98 /* HeartAnimation.swift in Sources */ = {isa = PBXBuildFile; fileRef = 9BA95BE32825021E00A43D98 /* HeartAnimation.swift */; };
		9BA95BE52825021E00A43D98 /* HeartAnimation.swift in Sources */ = {isa = PBXBuildFile; fileRef = 9BA95BE32825021E00A43D98 /* HeartAnimation.swift */; };
		9BA95BE72825023C00A43D98 /* StepperAnimation.swift in Sources */ = {isa = PBXBuildFile; fileRef = 9BA95BE62825023C00A43D98 /* StepperAnimation.swift */; };
		9BA95BE82825023C00A43D98 /* StepperAnimation.swift in Sources */ = {isa = PBXBuildFile; fileRef = 9BA95BE62825023C00A43D98 /* StepperAnimation.swift */; };
		9BA95BEA282521F900A43D98 /* DotsAnimation.swift in Sources */ = {isa = PBXBuildFile; fileRef = 9BA95BE9282521F900A43D98 /* DotsAnimation.swift */; };
		9BA95BEB282521F900A43D98 /* DotsAnimation.swift in Sources */ = {isa = PBXBuildFile; fileRef = 9BA95BE9282521F900A43D98 /* DotsAnimation.swift */; };
		9BA95BED282523A200A43D98 /* WaveAnimation.swift in Sources */ = {isa = PBXBuildFile; fileRef = 9BA95BEC282523A200A43D98 /* WaveAnimation.swift */; };
		9BA95BEE282523A200A43D98 /* WaveAnimation.swift in Sources */ = {isa = PBXBuildFile; fileRef = 9BA95BEC282523A200A43D98 /* WaveAnimation.swift */; };
		9BEE82C0287D4B200047462A /* PacmanAnimation.swift in Sources */ = {isa = PBXBuildFile; fileRef = 9BEE82BF287D4B200047462A /* PacmanAnimation.swift */; };
		9BEE82C1287D4B200047462A /* PacmanAnimation.swift in Sources */ = {isa = PBXBuildFile; fileRef = 9BEE82BF287D4B200047462A /* PacmanAnimation.swift */; };
		9BEE82C3287D68380047462A /* TwinCircleTransition.swift in Sources */ = {isa = PBXBuildFile; fileRef = 9BEE82C2287D68380047462A /* TwinCircleTransition.swift */; };
		9BEE82C4287D68380047462A /* TwinCircleTransition.swift in Sources */ = {isa = PBXBuildFile; fileRef = 9BEE82C2287D68380047462A /* TwinCircleTransition.swift */; };
		D8017171293A313600F95578 /* HeartAnimation.gif in Resources */ = {isa = PBXBuildFile; fileRef = D8017168293A313600F95578 /* HeartAnimation.gif */; };
		D8017172293A313600F95578 /* ClockAnimation.gif in Resources */ = {isa = PBXBuildFile; fileRef = D8017169293A313600F95578 /* ClockAnimation.gif */; };
		D8017173293A313600F95578 /* RotatingDotAnimation.gif in Resources */ = {isa = PBXBuildFile; fileRef = D801716A293A313600F95578 /* RotatingDotAnimation.gif */; };
		D8017174293A313600F95578 /* DotAnimation.gif in Resources */ = {isa = PBXBuildFile; fileRef = D801716B293A313600F95578 /* DotAnimation.gif */; };
		D8017175293A313600F95578 /* TwinCircleAnimation.gif in Resources */ = {isa = PBXBuildFile; fileRef = D801716C293A313600F95578 /* TwinCircleAnimation.gif */; };
		D8017176293A313600F95578 /* WaveAnimation.gif in Resources */ = {isa = PBXBuildFile; fileRef = D801716D293A313600F95578 /* WaveAnimation.gif */; };
		D8017177293A313600F95578 /* StepperAnimation.gif in Resources */ = {isa = PBXBuildFile; fileRef = D801716E293A313600F95578 /* StepperAnimation.gif */; };
		D8017178293A313600F95578 /* ThreeBounceAnimation.gif in Resources */ = {isa = PBXBuildFile; fileRef = D801716F293A313600F95578 /* ThreeBounceAnimation.gif */; };
		D8017179293A313600F95578 /* PacmanAnimation.gif in Resources */ = {isa = PBXBuildFile; fileRef = D8017170293A313600F95578 /* PacmanAnimation.gif */; };
		D81A819A2B565A2D003C270D /* FlippingSquare.swift in Sources */ = {isa = PBXBuildFile; fileRef = D81A81992B565A2D003C270D /* FlippingSquare.swift */; };
		D81A819B2B565A2D003C270D /* FlippingSquare.swift in Sources */ = {isa = PBXBuildFile; fileRef = D81A81992B565A2D003C270D /* FlippingSquare.swift */; };
		D81A819D2B5686C7003C270D /* ThreeCircleBlinkDots.swift in Sources */ = {isa = PBXBuildFile; fileRef = D81A819C2B5686C7003C270D /* ThreeCircleBlinkDots.swift */; };
		D81A819E2B5686C7003C270D /* ThreeCircleBlinkDots.swift in Sources */ = {isa = PBXBuildFile; fileRef = D81A819C2B5686C7003C270D /* ThreeCircleBlinkDots.swift */; };
		D81A81A02B56C538003C270D /* ArcRotationAnimation.swift in Sources */ = {isa = PBXBuildFile; fileRef = D81A819F2B56C538003C270D /* ArcRotationAnimation.swift */; };
		D81A81A12B56C538003C270D /* ArcRotationAnimation.swift in Sources */ = {isa = PBXBuildFile; fileRef = D81A819F2B56C538003C270D /* ArcRotationAnimation.swift */; };
		D81A81A32B56CCF3003C270D /* TwinCircleScale.swift in Sources */ = {isa = PBXBuildFile; fileRef = D81A81A22B56CCF3003C270D /* TwinCircleScale.swift */; };
		D81A81A42B56CCF3003C270D /* TwinCircleScale.swift in Sources */ = {isa = PBXBuildFile; fileRef = D81A81A22B56CCF3003C270D /* TwinCircleScale.swift */; };
		D81A81A62B57A98A003C270D /* SquareFillAnimation.swift in Sources */ = {isa = PBXBuildFile; fileRef = D81A81A52B57A98A003C270D /* SquareFillAnimation.swift */; };
		D81A81A72B57A98A003C270D /* SquareFillAnimation.swift in Sources */ = {isa = PBXBuildFile; fileRef = D81A81A52B57A98A003C270D /* SquareFillAnimation.swift */; };
		D81A81BA2B580A66003C270D /* FlippingSquare.gif in Resources */ = {isa = PBXBuildFile; fileRef = D81A81B42B580A65003C270D /* FlippingSquare.gif */; };
		D81A81BB2B580A66003C270D /* ThreeTriangleRotatingDots.gif in Resources */ = {isa = PBXBuildFile; fileRef = D81A81B52B580A65003C270D /* ThreeTriangleRotatingDots.gif */; };
		D81A81BC2B580A66003C270D /* ArcRotationAnimation.gif in Resources */ = {isa = PBXBuildFile; fileRef = D81A81B62B580A65003C270D /* ArcRotationAnimation.gif */; };
		D81A81BD2B580A66003C270D /* ThreeRotatingDots.gif in Resources */ = {isa = PBXBuildFile; fileRef = D81A81B72B580A65003C270D /* ThreeRotatingDots.gif */; };
		D81A81BE2B580A66003C270D /* ThreeCircleBlinkDots.gif in Resources */ = {isa = PBXBuildFile; fileRef = D81A81B82B580A65003C270D /* ThreeCircleBlinkDots.gif */; };
		D81A81BF2B580A66003C270D /* TwinCircleScale.gif in Resources */ = {isa = PBXBuildFile; fileRef = D81A81B92B580A66003C270D /* TwinCircleScale.gif */; };
		D81C0FF22B70E0360025DD77 /* ThreeTriangleSwapingDots.swift in Sources */ = {isa = PBXBuildFile; fileRef = D81C0FF12B70E0360025DD77 /* ThreeTriangleSwapingDots.swift */; };
		D81C0FF32B70E0360025DD77 /* ThreeTriangleSwapingDots.swift in Sources */ = {isa = PBXBuildFile; fileRef = D81C0FF12B70E0360025DD77 /* ThreeTriangleSwapingDots.swift */; };
		D8557BA42B5552FA0072E03D /* ThreeTriangleRotatingDots.swift in Sources */ = {isa = PBXBuildFile; fileRef = D8557BA32B5552FA0072E03D /* ThreeTriangleRotatingDots.swift */; };
		D8557BA52B5552FA0072E03D /* ThreeTriangleRotatingDots.swift in Sources */ = {isa = PBXBuildFile; fileRef = D8557BA32B5552FA0072E03D /* ThreeTriangleRotatingDots.swift */; };
		D8557BA72B555CAE0072E03D /* ThreeRotatingDots.swift in Sources */ = {isa = PBXBuildFile; fileRef = D8557BA62B555CAE0072E03D /* ThreeRotatingDots.swift */; };
		D8557BA82B555CAE0072E03D /* ThreeRotatingDots.swift in Sources */ = {isa = PBXBuildFile; fileRef = D8557BA62B555CAE0072E03D /* ThreeRotatingDots.swift */; };
		D8557BAA2B564B270072E03D /* ThreeHorizontalSwapingDots.swift in Sources */ = {isa = PBXBuildFile; fileRef = D8557BA92B564B270072E03D /* ThreeHorizontalSwapingDots.swift */; };
		D8557BAB2B564B270072E03D /* ThreeHorizontalSwapingDots.swift in Sources */ = {isa = PBXBuildFile; fileRef = D8557BA92B564B270072E03D /* ThreeHorizontalSwapingDots.swift */; };
		D896842A2B71059900D5F721 /* ThreeTriangleSwapingDots.gif in Resources */ = {isa = PBXBuildFile; fileRef = D89684262B71059900D5F721 /* ThreeTriangleSwapingDots.gif */; };
		D896842B2B71059900D5F721 /* ThreeCircleBlinkingLines.gif in Resources */ = {isa = PBXBuildFile; fileRef = D89684272B71059900D5F721 /* ThreeCircleBlinkingLines.gif */; };
		D896842C2B71059900D5F721 /* SquareFillAnimation.gif in Resources */ = {isa = PBXBuildFile; fileRef = D89684282B71059900D5F721 /* SquareFillAnimation.gif */; };
		D896842D2B71059900D5F721 /* ThreeHorizontalSwapingDots.gif in Resources */ = {isa = PBXBuildFile; fileRef = D89684292B71059900D5F721 /* ThreeHorizontalSwapingDots.gif */; };
		D8B37187293731F20051A626 /* ThreeBounceAnimation.swift in Sources */ = {isa = PBXBuildFile; fileRef = D8B37186293731F20051A626 /* ThreeBounceAnimation.swift */; };
		D8B37188293731F20051A626 /* ThreeBounceAnimation.swift in Sources */ = {isa = PBXBuildFile; fileRef = D8B37186293731F20051A626 /* ThreeBounceAnimation.swift */; };
		D8B3718A29377BAD0051A626 /* RotatingDotAnimation.swift in Sources */ = {isa = PBXBuildFile; fileRef = D8B3718929377BAD0051A626 /* RotatingDotAnimation.swift */; };
		D8B3718B29377BAD0051A626 /* RotatingDotAnimation.swift in Sources */ = {isa = PBXBuildFile; fileRef = D8B3718929377BAD0051A626 /* RotatingDotAnimation.swift */; };
		D8B3718D293881970051A626 /* ClockAnimation.swift in Sources */ = {isa = PBXBuildFile; fileRef = D8B3718C293881970051A626 /* ClockAnimation.swift */; };
		D8B3718E293881970051A626 /* ClockAnimation.swift in Sources */ = {isa = PBXBuildFile; fileRef = D8B3718C293881970051A626 /* ClockAnimation.swift */; };
		D8E5A7A32B70B3FC0051C0DF /* ThreeCircleBlinkingLines.swift in Sources */ = {isa = PBXBuildFile; fileRef = D8E5A7A22B70B3FC0051C0DF /* ThreeCircleBlinkingLines.swift */; };
		D8E5A7A42B70B3FC0051C0DF /* ThreeCircleBlinkingLines.swift in Sources */ = {isa = PBXBuildFile; fileRef = D8E5A7A22B70B3FC0051C0DF /* ThreeCircleBlinkingLines.swift */; };
/* End PBXBuildFile section */

/* Begin PBXFileReference section */
		9B59C2C1280852520016F2F8 /* SwiftUIAnimationsApp.swift */ = {isa = PBXFileReference; lastKnownFileType = sourcecode.swift; path = SwiftUIAnimationsApp.swift; sourceTree = "<group>"; };
		9B59C2C2280852520016F2F8 /* ContentView.swift */ = {isa = PBXFileReference; lastKnownFileType = sourcecode.swift; path = ContentView.swift; sourceTree = "<group>"; };
		9B59C2C3280852530016F2F8 /* Assets.xcassets */ = {isa = PBXFileReference; lastKnownFileType = folder.assetcatalog; path = Assets.xcassets; sourceTree = "<group>"; };
		9B59C2C8280852530016F2F8 /* SwiftUIAnimations.app */ = {isa = PBXFileReference; explicitFileType = wrapper.application; includeInIndex = 0; path = SwiftUIAnimations.app; sourceTree = BUILT_PRODUCTS_DIR; };
		9B59C2CE280852530016F2F8 /* SwiftUIAnimations.app */ = {isa = PBXFileReference; explicitFileType = wrapper.application; includeInIndex = 0; path = SwiftUIAnimations.app; sourceTree = BUILT_PRODUCTS_DIR; };
		9B59C2D0280852530016F2F8 /* macOS.entitlements */ = {isa = PBXFileReference; lastKnownFileType = text.plist.entitlements; path = macOS.entitlements; sourceTree = "<group>"; };
		9BA95BE32825021E00A43D98 /* HeartAnimation.swift */ = {isa = PBXFileReference; lastKnownFileType = sourcecode.swift; path = HeartAnimation.swift; sourceTree = "<group>"; };
		9BA95BE62825023C00A43D98 /* StepperAnimation.swift */ = {isa = PBXFileReference; lastKnownFileType = sourcecode.swift; path = StepperAnimation.swift; sourceTree = "<group>"; };
		9BA95BE9282521F900A43D98 /* DotsAnimation.swift */ = {isa = PBXFileReference; lastKnownFileType = sourcecode.swift; path = DotsAnimation.swift; sourceTree = "<group>"; };
		9BA95BEC282523A200A43D98 /* WaveAnimation.swift */ = {isa = PBXFileReference; lastKnownFileType = sourcecode.swift; path = WaveAnimation.swift; sourceTree = "<group>"; };
		9BEE82BF287D4B200047462A /* PacmanAnimation.swift */ = {isa = PBXFileReference; lastKnownFileType = sourcecode.swift; path = PacmanAnimation.swift; sourceTree = "<group>"; };
		9BEE82C2287D68380047462A /* TwinCircleTransition.swift */ = {isa = PBXFileReference; lastKnownFileType = sourcecode.swift; path = TwinCircleTransition.swift; sourceTree = "<group>"; };
		D8017168293A313600F95578 /* HeartAnimation.gif */ = {isa = PBXFileReference; lastKnownFileType = image.gif; path = HeartAnimation.gif; sourceTree = "<group>"; };
		D8017169293A313600F95578 /* ClockAnimation.gif */ = {isa = PBXFileReference; lastKnownFileType = image.gif; path = ClockAnimation.gif; sourceTree = "<group>"; };
		D801716A293A313600F95578 /* RotatingDotAnimation.gif */ = {isa = PBXFileReference; lastKnownFileType = image.gif; path = RotatingDotAnimation.gif; sourceTree = "<group>"; };
		D801716B293A313600F95578 /* DotAnimation.gif */ = {isa = PBXFileReference; lastKnownFileType = image.gif; path = DotAnimation.gif; sourceTree = "<group>"; };
		D801716C293A313600F95578 /* TwinCircleAnimation.gif */ = {isa = PBXFileReference; lastKnownFileType = image.gif; path = TwinCircleAnimation.gif; sourceTree = "<group>"; };
		D801716D293A313600F95578 /* WaveAnimation.gif */ = {isa = PBXFileReference; lastKnownFileType = image.gif; path = WaveAnimation.gif; sourceTree = "<group>"; };
		D801716E293A313600F95578 /* StepperAnimation.gif */ = {isa = PBXFileReference; lastKnownFileType = image.gif; path = StepperAnimation.gif; sourceTree = "<group>"; };
		D801716F293A313600F95578 /* ThreeBounceAnimation.gif */ = {isa = PBXFileReference; lastKnownFileType = image.gif; path = ThreeBounceAnimation.gif; sourceTree = "<group>"; };
		D8017170293A313600F95578 /* PacmanAnimation.gif */ = {isa = PBXFileReference; lastKnownFileType = image.gif; path = PacmanAnimation.gif; sourceTree = "<group>"; };
		D81A81992B565A2D003C270D /* FlippingSquare.swift */ = {isa = PBXFileReference; lastKnownFileType = sourcecode.swift; path = FlippingSquare.swift; sourceTree = "<group>"; };
		D81A819C2B5686C7003C270D /* ThreeCircleBlinkDots.swift */ = {isa = PBXFileReference; lastKnownFileType = sourcecode.swift; path = ThreeCircleBlinkDots.swift; sourceTree = "<group>"; };
		D81A819F2B56C538003C270D /* ArcRotationAnimation.swift */ = {isa = PBXFileReference; lastKnownFileType = sourcecode.swift; path = ArcRotationAnimation.swift; sourceTree = "<group>"; };
		D81A81A22B56CCF3003C270D /* TwinCircleScale.swift */ = {isa = PBXFileReference; lastKnownFileType = sourcecode.swift; path = TwinCircleScale.swift; sourceTree = "<group>"; };
		D81A81A52B57A98A003C270D /* SquareFillAnimation.swift */ = {isa = PBXFileReference; lastKnownFileType = sourcecode.swift; path = SquareFillAnimation.swift; sourceTree = "<group>"; };
		D81A81B42B580A65003C270D /* FlippingSquare.gif */ = {isa = PBXFileReference; lastKnownFileType = image.gif; path = FlippingSquare.gif; sourceTree = "<group>"; };
		D81A81B52B580A65003C270D /* ThreeTriangleRotatingDots.gif */ = {isa = PBXFileReference; lastKnownFileType = image.gif; path = ThreeTriangleRotatingDots.gif; sourceTree = "<group>"; };
		D81A81B62B580A65003C270D /* ArcRotationAnimation.gif */ = {isa = PBXFileReference; lastKnownFileType = image.gif; path = ArcRotationAnimation.gif; sourceTree = "<group>"; };
		D81A81B72B580A65003C270D /* ThreeRotatingDots.gif */ = {isa = PBXFileReference; lastKnownFileType = image.gif; path = ThreeRotatingDots.gif; sourceTree = "<group>"; };
		D81A81B82B580A65003C270D /* ThreeCircleBlinkDots.gif */ = {isa = PBXFileReference; lastKnownFileType = image.gif; path = ThreeCircleBlinkDots.gif; sourceTree = "<group>"; };
		D81A81B92B580A66003C270D /* TwinCircleScale.gif */ = {isa = PBXFileReference; lastKnownFileType = image.gif; path = TwinCircleScale.gif; sourceTree = "<group>"; };
		D81C0FF12B70E0360025DD77 /* ThreeTriangleSwapingDots.swift */ = {isa = PBXFileReference; lastKnownFileType = sourcecode.swift; path = ThreeTriangleSwapingDots.swift; sourceTree = "<group>"; };
		D8557BA32B5552FA0072E03D /* ThreeTriangleRotatingDots.swift */ = {isa = PBXFileReference; lastKnownFileType = sourcecode.swift; path = ThreeTriangleRotatingDots.swift; sourceTree = "<group>"; };
		D8557BA62B555CAE0072E03D /* ThreeRotatingDots.swift */ = {isa = PBXFileReference; lastKnownFileType = sourcecode.swift; path = ThreeRotatingDots.swift; sourceTree = "<group>"; };
		D8557BA92B564B270072E03D /* ThreeHorizontalSwapingDots.swift */ = {isa = PBXFileReference; lastKnownFileType = sourcecode.swift; path = ThreeHorizontalSwapingDots.swift; sourceTree = "<group>"; };
		D89684262B71059900D5F721 /* ThreeTriangleSwapingDots.gif */ = {isa = PBXFileReference; lastKnownFileType = image.gif; path = ThreeTriangleSwapingDots.gif; sourceTree = "<group>"; };
		D89684272B71059900D5F721 /* ThreeCircleBlinkingLines.gif */ = {isa = PBXFileReference; lastKnownFileType = image.gif; path = ThreeCircleBlinkingLines.gif; sourceTree = "<group>"; };
		D89684282B71059900D5F721 /* SquareFillAnimation.gif */ = {isa = PBXFileReference; lastKnownFileType = image.gif; path = SquareFillAnimation.gif; sourceTree = "<group>"; };
		D89684292B71059900D5F721 /* ThreeHorizontalSwapingDots.gif */ = {isa = PBXFileReference; lastKnownFileType = image.gif; path = ThreeHorizontalSwapingDots.gif; sourceTree = "<group>"; };
		D8B37186293731F20051A626 /* ThreeBounceAnimation.swift */ = {isa = PBXFileReference; lastKnownFileType = sourcecode.swift; path = ThreeBounceAnimation.swift; sourceTree = "<group>"; };
		D8B3718929377BAD0051A626 /* RotatingDotAnimation.swift */ = {isa = PBXFileReference; lastKnownFileType = sourcecode.swift; path = RotatingDotAnimation.swift; sourceTree = "<group>"; };
		D8B3718C293881970051A626 /* ClockAnimation.swift */ = {isa = PBXFileReference; lastKnownFileType = sourcecode.swift; path = ClockAnimation.swift; sourceTree = "<group>"; };
		D8E5A7A22B70B3FC0051C0DF /* ThreeCircleBlinkingLines.swift */ = {isa = PBXFileReference; lastKnownFileType = sourcecode.swift; path = ThreeCircleBlinkingLines.swift; sourceTree = "<group>"; };
/* End PBXFileReference section */

/* Begin PBXFrameworksBuildPhase section */
		9B59C2C5280852530016F2F8 /* Frameworks */ = {
			isa = PBXFrameworksBuildPhase;
			buildActionMask = 2147483647;
			files = (
			);
			runOnlyForDeploymentPostprocessing = 0;
		};
		9B59C2CB280852530016F2F8 /* Frameworks */ = {
			isa = PBXFrameworksBuildPhase;
			buildActionMask = 2147483647;
			files = (
			);
			runOnlyForDeploymentPostprocessing = 0;
		};
/* End PBXFrameworksBuildPhase section */

/* Begin PBXGroup section */
		9B59C2BB280852520016F2F8 = {
			isa = PBXGroup;
			children = (
				D8017167293A313600F95578 /* GIF */,
				9B59C2C0280852520016F2F8 /* Shared */,
				9B59C2CF280852530016F2F8 /* macOS */,
				9B59C2C9280852530016F2F8 /* Products */,
			);
			sourceTree = "<group>";
		};
		9B59C2C0280852520016F2F8 /* Shared */ = {
			isa = PBXGroup;
			children = (
				9B59C2C1280852520016F2F8 /* SwiftUIAnimationsApp.swift */,
				9B59C2C2280852520016F2F8 /* ContentView.swift */,
				9B59C2C3280852530016F2F8 /* Assets.xcassets */,
				9BA95BE9282521F900A43D98 /* DotsAnimation.swift */,
				9BA95BEC282523A200A43D98 /* WaveAnimation.swift */,
				9BA95BE32825021E00A43D98 /* HeartAnimation.swift */,
				D8B3718C293881970051A626 /* ClockAnimation.swift */,
				9BA95BE62825023C00A43D98 /* StepperAnimation.swift */,
				9BEE82BF287D4B200047462A /* PacmanAnimation.swift */,
				D81A81992B565A2D003C270D /* FlippingSquare.swift */,
				D81A81A22B56CCF3003C270D /* TwinCircleScale.swift */,
				9BEE82C2287D68380047462A /* TwinCircleTransition.swift */,
				D81A81A52B57A98A003C270D /* SquareFillAnimation.swift */,
				D81A819F2B56C538003C270D /* ArcRotationAnimation.swift */,
				D8B3718929377BAD0051A626 /* RotatingDotAnimation.swift */,
				D8557BA62B555CAE0072E03D /* ThreeRotatingDots.swift */,
				D81A819C2B5686C7003C270D /* ThreeCircleBlinkDots.swift */,
				D8E5A7A22B70B3FC0051C0DF /* ThreeCircleBlinkingLines.swift */,
				D8B37186293731F20051A626 /* ThreeBounceAnimation.swift */,
				D8557BA32B5552FA0072E03D /* ThreeTriangleRotatingDots.swift */,
				D81C0FF12B70E0360025DD77 /* ThreeTriangleSwapingDots.swift */,
				D8557BA92B564B270072E03D /* ThreeHorizontalSwapingDots.swift */,
			);
			path = Shared;
			sourceTree = "<group>";
		};
		9B59C2C9280852530016F2F8 /* Products */ = {
			isa = PBXGroup;
			children = (
				9B59C2C8280852530016F2F8 /* SwiftUIAnimations.app */,
				9B59C2CE280852530016F2F8 /* SwiftUIAnimations.app */,
			);
			name = Products;
			sourceTree = "<group>";
		};
		9B59C2CF280852530016F2F8 /* macOS */ = {
			isa = PBXGroup;
			children = (
				9B59C2D0280852530016F2F8 /* macOS.entitlements */,
			);
			path = macOS;
			sourceTree = "<group>";
		};
		D8017167293A313600F95578 /* GIF */ = {
			isa = PBXGroup;
			children = (
				D8017168293A313600F95578 /* HeartAnimation.gif */,
				D8017169293A313600F95578 /* ClockAnimation.gif */,
				D801716A293A313600F95578 /* RotatingDotAnimation.gif */,
				D801716B293A313600F95578 /* DotAnimation.gif */,
				D801716C293A313600F95578 /* TwinCircleAnimation.gif */,
				D801716D293A313600F95578 /* WaveAnimation.gif */,
				D801716E293A313600F95578 /* StepperAnimation.gif */,
				D801716F293A313600F95578 /* ThreeBounceAnimation.gif */,
				D8017170293A313600F95578 /* PacmanAnimation.gif */,
				D81A81B62B580A65003C270D /* ArcRotationAnimation.gif */,
				D81A81B42B580A65003C270D /* FlippingSquare.gif */,
				D81A81B82B580A65003C270D /* ThreeCircleBlinkDots.gif */,
				D81A81B72B580A65003C270D /* ThreeRotatingDots.gif */,
				D81A81B52B580A65003C270D /* ThreeTriangleRotatingDots.gif */,
				D81A81B92B580A66003C270D /* TwinCircleScale.gif */,
				D89684282B71059900D5F721 /* SquareFillAnimation.gif */,
				D89684272B71059900D5F721 /* ThreeCircleBlinkingLines.gif */,
				D89684292B71059900D5F721 /* ThreeHorizontalSwapingDots.gif */,
				D89684262B71059900D5F721 /* ThreeTriangleSwapingDots.gif */,
			);
			path = GIF;
			sourceTree = "<group>";
		};
/* End PBXGroup section */

/* Begin PBXNativeTarget section */
		9B59C2C7280852530016F2F8 /* SwiftUIAnimations (iOS) */ = {
			isa = PBXNativeTarget;
			buildConfigurationList = 9B59C2D9280852530016F2F8 /* Build configuration list for PBXNativeTarget "SwiftUIAnimations (iOS)" */;
			buildPhases = (
				9B59C2C4280852530016F2F8 /* Sources */,
				9B59C2C5280852530016F2F8 /* Frameworks */,
				9B59C2C6280852530016F2F8 /* Resources */,
			);
			buildRules = (
			);
			dependencies = (
			);
			name = "SwiftUIAnimations (iOS)";
			productName = "SwiftUIAnimations (iOS)";
			productReference = 9B59C2C8280852530016F2F8 /* SwiftUIAnimations.app */;
			productType = "com.apple.product-type.application";
		};
		9B59C2CD280852530016F2F8 /* SwiftUIAnimations (macOS) */ = {
			isa = PBXNativeTarget;
			buildConfigurationList = 9B59C2DC280852530016F2F8 /* Build configuration list for PBXNativeTarget "SwiftUIAnimations (macOS)" */;
			buildPhases = (
				9B59C2CA280852530016F2F8 /* Sources */,
				9B59C2CB280852530016F2F8 /* Frameworks */,
				9B59C2CC280852530016F2F8 /* Resources */,
			);
			buildRules = (
			);
			dependencies = (
			);
			name = "SwiftUIAnimations (macOS)";
			productName = "SwiftUIAnimations (macOS)";
			productReference = 9B59C2CE280852530016F2F8 /* SwiftUIAnimations.app */;
			productType = "com.apple.product-type.application";
		};
/* End PBXNativeTarget section */

/* Begin PBXProject section */
		9B59C2BC280852520016F2F8 /* Project object */ = {
			isa = PBXProject;
			attributes = {
				BuildIndependentTargetsInParallel = 1;
				LastSwiftUpdateCheck = 1330;
				LastUpgradeCheck = 1400;
				TargetAttributes = {
					9B59C2C7280852530016F2F8 = {
						CreatedOnToolsVersion = 13.3;
					};
					9B59C2CD280852530016F2F8 = {
						CreatedOnToolsVersion = 13.3;
					};
				};
			};
			buildConfigurationList = 9B59C2BF280852520016F2F8 /* Build configuration list for PBXProject "SwiftUIAnimations" */;
			compatibilityVersion = "Xcode 13.0";
			developmentRegion = en;
			hasScannedForEncodings = 0;
			knownRegions = (
				en,
				Base,
			);
			mainGroup = 9B59C2BB280852520016F2F8;
			productRefGroup = 9B59C2C9280852530016F2F8 /* Products */;
			projectDirPath = "";
			projectRoot = "";
			targets = (
				9B59C2C7280852530016F2F8 /* SwiftUIAnimations (iOS) */,
				9B59C2CD280852530016F2F8 /* SwiftUIAnimations (macOS) */,
			);
		};
/* End PBXProject section */

/* Begin PBXResourcesBuildPhase section */
		9B59C2C6280852530016F2F8 /* Resources */ = {
			isa = PBXResourcesBuildPhase;
			buildActionMask = 2147483647;
			files = (
				D896842A2B71059900D5F721 /* ThreeTriangleSwapingDots.gif in Resources */,
				D8017171293A313600F95578 /* HeartAnimation.gif in Resources */,
				D81A81BB2B580A66003C270D /* ThreeTriangleRotatingDots.gif in Resources */,
				D8017176293A313600F95578 /* WaveAnimation.gif in Resources */,
				D81A81BF2B580A66003C270D /* TwinCircleScale.gif in Resources */,
				D896842B2B71059900D5F721 /* ThreeCircleBlinkingLines.gif in Resources */,
				D8017172293A313600F95578 /* ClockAnimation.gif in Resources */,
				D896842D2B71059900D5F721 /* ThreeHorizontalSwapingDots.gif in Resources */,
				D8017178293A313600F95578 /* ThreeBounceAnimation.gif in Resources */,
				D81A81BE2B580A66003C270D /* ThreeCircleBlinkDots.gif in Resources */,
				D8017177293A313600F95578 /* StepperAnimation.gif in Resources */,
				D8017179293A313600F95578 /* PacmanAnimation.gif in Resources */,
				9B59C2D5280852530016F2F8 /* Assets.xcassets in Resources */,
				D896842C2B71059900D5F721 /* SquareFillAnimation.gif in Resources */,
				D8017173293A313600F95578 /* RotatingDotAnimation.gif in Resources */,
				D81A81BC2B580A66003C270D /* ArcRotationAnimation.gif in Resources */,
				D8017174293A313600F95578 /* DotAnimation.gif in Resources */,
				D81A81BD2B580A66003C270D /* ThreeRotatingDots.gif in Resources */,
				D8017175293A313600F95578 /* TwinCircleAnimation.gif in Resources */,
				D81A81BA2B580A66003C270D /* FlippingSquare.gif in Resources */,
			);
			runOnlyForDeploymentPostprocessing = 0;
		};
		9B59C2CC280852530016F2F8 /* Resources */ = {
			isa = PBXResourcesBuildPhase;
			buildActionMask = 2147483647;
			files = (
				9B59C2D6280852530016F2F8 /* Assets.xcassets in Resources */,
			);
			runOnlyForDeploymentPostprocessing = 0;
		};
/* End PBXResourcesBuildPhase section */

/* Begin PBXSourcesBuildPhase section */
		9B59C2C4280852530016F2F8 /* Sources */ = {
			isa = PBXSourcesBuildPhase;
			buildActionMask = 2147483647;
			files = (
				D8557BA42B5552FA0072E03D /* ThreeTriangleRotatingDots.swift in Sources */,
				9BEE82C3287D68380047462A /* TwinCircleTransition.swift in Sources */,
				D81A81A32B56CCF3003C270D /* TwinCircleScale.swift in Sources */,
				9BA95BE72825023C00A43D98 /* StepperAnimation.swift in Sources */,
				D8B3718A29377BAD0051A626 /* RotatingDotAnimation.swift in Sources */,
				9BA95BED282523A200A43D98 /* WaveAnimation.swift in Sources */,
				9B59C2D3280852530016F2F8 /* ContentView.swift in Sources */,
				D8B3718D293881970051A626 /* ClockAnimation.swift in Sources */,
				9B59C2D1280852530016F2F8 /* SwiftUIAnimationsApp.swift in Sources */,
				D8B37187293731F20051A626 /* ThreeBounceAnimation.swift in Sources */,
				D81A819D2B5686C7003C270D /* ThreeCircleBlinkDots.swift in Sources */,
				9BA95BEA282521F900A43D98 /* DotsAnimation.swift in Sources */,
				D8557BAA2B564B270072E03D /* ThreeHorizontalSwapingDots.swift in Sources */,
				9BA95BE42825021E00A43D98 /* HeartAnimation.swift in Sources */,
				D81A819A2B565A2D003C270D /* FlippingSquare.swift in Sources */,
				D81C0FF22B70E0360025DD77 /* ThreeTriangleSwapingDots.swift in Sources */,
				D81A81A62B57A98A003C270D /* SquareFillAnimation.swift in Sources */,
				9BEE82C0287D4B200047462A /* PacmanAnimation.swift in Sources */,
				D8557BA72B555CAE0072E03D /* ThreeRotatingDots.swift in Sources */,
				D81A81A02B56C538003C270D /* ArcRotationAnimation.swift in Sources */,
				D8E5A7A32B70B3FC0051C0DF /* ThreeCircleBlinkingLines.swift in Sources */,
			);
			runOnlyForDeploymentPostprocessing = 0;
		};
		9B59C2CA280852530016F2F8 /* Sources */ = {
			isa = PBXSourcesBuildPhase;
			buildActionMask = 2147483647;
			files = (
				D8557BA52B5552FA0072E03D /* ThreeTriangleRotatingDots.swift in Sources */,
				9BEE82C4287D68380047462A /* TwinCircleTransition.swift in Sources */,
				D81A81A42B56CCF3003C270D /* TwinCircleScale.swift in Sources */,
				9BA95BE82825023C00A43D98 /* StepperAnimation.swift in Sources */,
				D8B3718B29377BAD0051A626 /* RotatingDotAnimation.swift in Sources */,
				9BA95BEE282523A200A43D98 /* WaveAnimation.swift in Sources */,
				9B59C2D4280852530016F2F8 /* ContentView.swift in Sources */,
				D8B3718E293881970051A626 /* ClockAnimation.swift in Sources */,
				9B59C2D2280852530016F2F8 /* SwiftUIAnimationsApp.swift in Sources */,
				D8B37188293731F20051A626 /* ThreeBounceAnimation.swift in Sources */,
				D81A819E2B5686C7003C270D /* ThreeCircleBlinkDots.swift in Sources */,
				9BA95BEB282521F900A43D98 /* DotsAnimation.swift in Sources */,
				D8557BAB2B564B270072E03D /* ThreeHorizontalSwapingDots.swift in Sources */,
				9BA95BE52825021E00A43D98 /* HeartAnimation.swift in Sources */,
				D81A819B2B565A2D003C270D /* FlippingSquare.swift in Sources */,
				D81C0FF32B70E0360025DD77 /* ThreeTriangleSwapingDots.swift in Sources */,
				D81A81A72B57A98A003C270D /* SquareFillAnimation.swift in Sources */,
				9BEE82C1287D4B200047462A /* PacmanAnimation.swift in Sources */,
				D8557BA82B555CAE0072E03D /* ThreeRotatingDots.swift in Sources */,
				D81A81A12B56C538003C270D /* ArcRotationAnimation.swift in Sources */,
				D8E5A7A42B70B3FC0051C0DF /* ThreeCircleBlinkingLines.swift in Sources */,
			);
			runOnlyForDeploymentPostprocessing = 0;
		};
/* End PBXSourcesBuildPhase section */

/* Begin XCBuildConfiguration section */
		9B59C2D7280852530016F2F8 /* Debug */ = {
			isa = XCBuildConfiguration;
			buildSettings = {
				ALWAYS_SEARCH_USER_PATHS = NO;
				CLANG_ANALYZER_NONNULL = YES;
				CLANG_ANALYZER_NUMBER_OBJECT_CONVERSION = YES_AGGRESSIVE;
				CLANG_CXX_LANGUAGE_STANDARD = "gnu++17";
				CLANG_ENABLE_MODULES = YES;
				CLANG_ENABLE_OBJC_ARC = YES;
				CLANG_ENABLE_OBJC_WEAK = YES;
				CLANG_WARN_BLOCK_CAPTURE_AUTORELEASING = YES;
				CLANG_WARN_BOOL_CONVERSION = YES;
				CLANG_WARN_COMMA = YES;
				CLANG_WARN_CONSTANT_CONVERSION = YES;
				CLANG_WARN_DEPRECATED_OBJC_IMPLEMENTATIONS = YES;
				CLANG_WARN_DIRECT_OBJC_ISA_USAGE = YES_ERROR;
				CLANG_WARN_DOCUMENTATION_COMMENTS = YES;
				CLANG_WARN_EMPTY_BODY = YES;
				CLANG_WARN_ENUM_CONVERSION = YES;
				CLANG_WARN_INFINITE_RECURSION = YES;
				CLANG_WARN_INT_CONVERSION = YES;
				CLANG_WARN_NON_LITERAL_NULL_CONVERSION = YES;
				CLANG_WARN_OBJC_IMPLICIT_RETAIN_SELF = YES;
				CLANG_WARN_OBJC_LITERAL_CONVERSION = YES;
				CLANG_WARN_OBJC_ROOT_CLASS = YES_ERROR;
				CLANG_WARN_QUOTED_INCLUDE_IN_FRAMEWORK_HEADER = YES;
				CLANG_WARN_RANGE_LOOP_ANALYSIS = YES;
				CLANG_WARN_STRICT_PROTOTYPES = YES;
				CLANG_WARN_SUSPICIOUS_MOVE = YES;
				CLANG_WARN_UNGUARDED_AVAILABILITY = YES_AGGRESSIVE;
				CLANG_WARN_UNREACHABLE_CODE = YES;
				CLANG_WARN__DUPLICATE_METHOD_MATCH = YES;
				COPY_PHASE_STRIP = NO;
				DEAD_CODE_STRIPPING = YES;
				DEBUG_INFORMATION_FORMAT = dwarf;
				ENABLE_STRICT_OBJC_MSGSEND = YES;
				ENABLE_TESTABILITY = YES;
				GCC_C_LANGUAGE_STANDARD = gnu11;
				GCC_DYNAMIC_NO_PIC = NO;
				GCC_NO_COMMON_BLOCKS = YES;
				GCC_OPTIMIZATION_LEVEL = 0;
				GCC_PREPROCESSOR_DEFINITIONS = (
					"DEBUG=1",
					"$(inherited)",
				);
				GCC_WARN_64_TO_32_BIT_CONVERSION = YES;
				GCC_WARN_ABOUT_RETURN_TYPE = YES_ERROR;
				GCC_WARN_UNDECLARED_SELECTOR = YES;
				GCC_WARN_UNINITIALIZED_AUTOS = YES_AGGRESSIVE;
				GCC_WARN_UNUSED_FUNCTION = YES;
				GCC_WARN_UNUSED_VARIABLE = YES;
				MTL_ENABLE_DEBUG_INFO = INCLUDE_SOURCE;
				MTL_FAST_MATH = YES;
				ONLY_ACTIVE_ARCH = YES;
				SWIFT_ACTIVE_COMPILATION_CONDITIONS = DEBUG;
				SWIFT_OPTIMIZATION_LEVEL = "-Onone";
			};
			name = Debug;
		};
		9B59C2D8280852530016F2F8 /* Release */ = {
			isa = XCBuildConfiguration;
			buildSettings = {
				ALWAYS_SEARCH_USER_PATHS = NO;
				CLANG_ANALYZER_NONNULL = YES;
				CLANG_ANALYZER_NUMBER_OBJECT_CONVERSION = YES_AGGRESSIVE;
				CLANG_CXX_LANGUAGE_STANDARD = "gnu++17";
				CLANG_ENABLE_MODULES = YES;
				CLANG_ENABLE_OBJC_ARC = YES;
				CLANG_ENABLE_OBJC_WEAK = YES;
				CLANG_WARN_BLOCK_CAPTURE_AUTORELEASING = YES;
				CLANG_WARN_BOOL_CONVERSION = YES;
				CLANG_WARN_COMMA = YES;
				CLANG_WARN_CONSTANT_CONVERSION = YES;
				CLANG_WARN_DEPRECATED_OBJC_IMPLEMENTATIONS = YES;
				CLANG_WARN_DIRECT_OBJC_ISA_USAGE = YES_ERROR;
				CLANG_WARN_DOCUMENTATION_COMMENTS = YES;
				CLANG_WARN_EMPTY_BODY = YES;
				CLANG_WARN_ENUM_CONVERSION = YES;
				CLANG_WARN_INFINITE_RECURSION = YES;
				CLANG_WARN_INT_CONVERSION = YES;
				CLANG_WARN_NON_LITERAL_NULL_CONVERSION = YES;
				CLANG_WARN_OBJC_IMPLICIT_RETAIN_SELF = YES;
				CLANG_WARN_OBJC_LITERAL_CONVERSION = YES;
				CLANG_WARN_OBJC_ROOT_CLASS = YES_ERROR;
				CLANG_WARN_QUOTED_INCLUDE_IN_FRAMEWORK_HEADER = YES;
				CLANG_WARN_RANGE_LOOP_ANALYSIS = YES;
				CLANG_WARN_STRICT_PROTOTYPES = YES;
				CLANG_WARN_SUSPICIOUS_MOVE = YES;
				CLANG_WARN_UNGUARDED_AVAILABILITY = YES_AGGRESSIVE;
				CLANG_WARN_UNREACHABLE_CODE = YES;
				CLANG_WARN__DUPLICATE_METHOD_MATCH = YES;
				COPY_PHASE_STRIP = NO;
				DEAD_CODE_STRIPPING = YES;
				DEBUG_INFORMATION_FORMAT = "dwarf-with-dsym";
				ENABLE_NS_ASSERTIONS = NO;
				ENABLE_STRICT_OBJC_MSGSEND = YES;
				GCC_C_LANGUAGE_STANDARD = gnu11;
				GCC_NO_COMMON_BLOCKS = YES;
				GCC_WARN_64_TO_32_BIT_CONVERSION = YES;
				GCC_WARN_ABOUT_RETURN_TYPE = YES_ERROR;
				GCC_WARN_UNDECLARED_SELECTOR = YES;
				GCC_WARN_UNINITIALIZED_AUTOS = YES_AGGRESSIVE;
				GCC_WARN_UNUSED_FUNCTION = YES;
				GCC_WARN_UNUSED_VARIABLE = YES;
				MTL_ENABLE_DEBUG_INFO = NO;
				MTL_FAST_MATH = YES;
				SWIFT_COMPILATION_MODE = wholemodule;
				SWIFT_OPTIMIZATION_LEVEL = "-O";
			};
			name = Release;
		};
		9B59C2DA280852530016F2F8 /* Debug */ = {
			isa = XCBuildConfiguration;
			buildSettings = {
				ASSETCATALOG_COMPILER_APPICON_NAME = AppIcon;
				ASSETCATALOG_COMPILER_GLOBAL_ACCENT_COLOR_NAME = AccentColor;
				CODE_SIGN_STYLE = Automatic;
				CURRENT_PROJECT_VERSION = 1;
				ENABLE_PREVIEWS = YES;
				GENERATE_INFOPLIST_FILE = YES;
				INFOPLIST_KEY_UIApplicationSceneManifest_Generation = YES;
				INFOPLIST_KEY_UIApplicationSupportsIndirectInputEvents = YES;
				INFOPLIST_KEY_UILaunchScreen_Generation = YES;
				INFOPLIST_KEY_UISupportedInterfaceOrientations_iPad = "UIInterfaceOrientationPortrait UIInterfaceOrientationPortraitUpsideDown UIInterfaceOrientationLandscapeLeft UIInterfaceOrientationLandscapeRight";
				INFOPLIST_KEY_UISupportedInterfaceOrientations_iPhone = "UIInterfaceOrientationPortrait UIInterfaceOrientationLandscapeLeft UIInterfaceOrientationLandscapeRight";
				IPHONEOS_DEPLOYMENT_TARGET = 15.4;
				LD_RUNPATH_SEARCH_PATHS = (
					"$(inherited)",
					"@executable_path/Frameworks",
				);
				MARKETING_VERSION = 1.0;
				PRODUCT_BUNDLE_IDENTIFIER = com.canopas.swiftuianimations.SwiftUIAnimations;
				PRODUCT_NAME = SwiftUIAnimations;
				SDKROOT = iphoneos;
				SWIFT_EMIT_LOC_STRINGS = YES;
				SWIFT_VERSION = 5.0;
				TARGETED_DEVICE_FAMILY = "1,2";
			};
			name = Debug;
		};
		9B59C2DB280852530016F2F8 /* Release */ = {
			isa = XCBuildConfiguration;
			buildSettings = {
				ASSETCATALOG_COMPILER_APPICON_NAME = AppIcon;
				ASSETCATALOG_COMPILER_GLOBAL_ACCENT_COLOR_NAME = AccentColor;
				CODE_SIGN_STYLE = Automatic;
				CURRENT_PROJECT_VERSION = 1;
				ENABLE_PREVIEWS = YES;
				GENERATE_INFOPLIST_FILE = YES;
				INFOPLIST_KEY_UIApplicationSceneManifest_Generation = YES;
				INFOPLIST_KEY_UIApplicationSupportsIndirectInputEvents = YES;
				INFOPLIST_KEY_UILaunchScreen_Generation = YES;
				INFOPLIST_KEY_UISupportedInterfaceOrientations_iPad = "UIInterfaceOrientationPortrait UIInterfaceOrientationPortraitUpsideDown UIInterfaceOrientationLandscapeLeft UIInterfaceOrientationLandscapeRight";
				INFOPLIST_KEY_UISupportedInterfaceOrientations_iPhone = "UIInterfaceOrientationPortrait UIInterfaceOrientationLandscapeLeft UIInterfaceOrientationLandscapeRight";
				IPHONEOS_DEPLOYMENT_TARGET = 15.4;
				LD_RUNPATH_SEARCH_PATHS = (
					"$(inherited)",
					"@executable_path/Frameworks",
				);
				MARKETING_VERSION = 1.0;
				PRODUCT_BUNDLE_IDENTIFIER = com.canopas.swiftuianimations.SwiftUIAnimations;
				PRODUCT_NAME = SwiftUIAnimations;
				SDKROOT = iphoneos;
				SWIFT_EMIT_LOC_STRINGS = YES;
				SWIFT_VERSION = 5.0;
				TARGETED_DEVICE_FAMILY = "1,2";
				VALIDATE_PRODUCT = YES;
			};
			name = Release;
		};
		9B59C2DD280852530016F2F8 /* Debug */ = {
			isa = XCBuildConfiguration;
			buildSettings = {
				ASSETCATALOG_COMPILER_APPICON_NAME = AppIcon;
				ASSETCATALOG_COMPILER_GLOBAL_ACCENT_COLOR_NAME = AccentColor;
				CODE_SIGN_ENTITLEMENTS = macOS/macOS.entitlements;
				CODE_SIGN_IDENTITY = "-";
				CODE_SIGN_STYLE = Automatic;
				COMBINE_HIDPI_IMAGES = YES;
				CURRENT_PROJECT_VERSION = 1;
				DEAD_CODE_STRIPPING = YES;
				ENABLE_PREVIEWS = YES;
				GENERATE_INFOPLIST_FILE = YES;
				INFOPLIST_KEY_NSHumanReadableCopyright = "";
				LD_RUNPATH_SEARCH_PATHS = (
					"$(inherited)",
					"@executable_path/../Frameworks",
				);
				MACOSX_DEPLOYMENT_TARGET = 12.3;
				MARKETING_VERSION = 1.0;
				PRODUCT_BUNDLE_IDENTIFIER = com.canopas.swiftuianimations.SwiftUIAnimations;
				PRODUCT_NAME = SwiftUIAnimations;
				SDKROOT = macosx;
				SWIFT_EMIT_LOC_STRINGS = YES;
				SWIFT_VERSION = 5.0;
			};
			name = Debug;
		};
		9B59C2DE280852530016F2F8 /* Release */ = {
			isa = XCBuildConfiguration;
			buildSettings = {
				ASSETCATALOG_COMPILER_APPICON_NAME = AppIcon;
				ASSETCATALOG_COMPILER_GLOBAL_ACCENT_COLOR_NAME = AccentColor;
				CODE_SIGN_ENTITLEMENTS = macOS/macOS.entitlements;
				CODE_SIGN_IDENTITY = "-";
				CODE_SIGN_STYLE = Automatic;
				COMBINE_HIDPI_IMAGES = YES;
				CURRENT_PROJECT_VERSION = 1;
				DEAD_CODE_STRIPPING = YES;
				ENABLE_PREVIEWS = YES;
				GENERATE_INFOPLIST_FILE = YES;
				INFOPLIST_KEY_NSHumanReadableCopyright = "";
				LD_RUNPATH_SEARCH_PATHS = (
					"$(inherited)",
					"@executable_path/../Frameworks",
				);
				MACOSX_DEPLOYMENT_TARGET = 12.3;
				MARKETING_VERSION = 1.0;
				PRODUCT_BUNDLE_IDENTIFIER = com.canopas.swiftuianimations.SwiftUIAnimations;
				PRODUCT_NAME = SwiftUIAnimations;
				SDKROOT = macosx;
				SWIFT_EMIT_LOC_STRINGS = YES;
				SWIFT_VERSION = 5.0;
			};
			name = Release;
		};
/* End XCBuildConfiguration section */

/* Begin XCConfigurationList section */
		9B59C2BF280852520016F2F8 /* Build configuration list for PBXProject "SwiftUIAnimations" */ = {
			isa = XCConfigurationList;
			buildConfigurations = (
				9B59C2D7280852530016F2F8 /* Debug */,
				9B59C2D8280852530016F2F8 /* Release */,
			);
			defaultConfigurationIsVisible = 0;
			defaultConfigurationName = Release;
		};
		9B59C2D9280852530016F2F8 /* Build configuration list for PBXNativeTarget "SwiftUIAnimations (iOS)" */ = {
			isa = XCConfigurationList;
			buildConfigurations = (
				9B59C2DA280852530016F2F8 /* Debug */,
				9B59C2DB280852530016F2F8 /* Release */,
			);
			defaultConfigurationIsVisible = 0;
			defaultConfigurationName = Release;
		};
		9B59C2DC280852530016F2F8 /* Build configuration list for PBXNativeTarget "SwiftUIAnimations (macOS)" */ = {
			isa = XCConfigurationList;
			buildConfigurations = (
				9B59C2DD280852530016F2F8 /* Debug */,
				9B59C2DE280852530016F2F8 /* Release */,
			);
			defaultConfigurationIsVisible = 0;
			defaultConfigurationName = Release;
		};
/* End XCConfigurationList section */
	};
	rootObject = 9B59C2BC280852520016F2F8 /* Project object */;
}
